
Microsoft Visual Studio Solution File, Format Version 12.00
# Visual Studio Version 16
VisualStudioVersion = 16.0.34031.81
MinimumVisualStudioVersion = 10.0.40219.1
Project("{2150E333-8FDC-42A3-9474-1A3956D46DE8}") = "Task0", "Task0", "{E9766A9B-C078-4AB0-AA91-424BBC5D6AD8}"
EndProject
Project("{FAE04EC0-301F-11D3-BF4B-00C04F79EFBC}") = "Tyuiu.NovikovNS.Sprint3.Task0.V14", "Tyuiu.NovikovNS.Sprint3.Task0\Tyuiu.NovikovNS.Sprint3.Task0.V14.csproj", "{41378AA3-AFB7-49AB-BFA7-D0A94FFFF497}"
EndProject
Project("{FAE04EC0-301F-11D3-BF4B-00C04F79EFBC}") = "Tyuiu.NovikovNS.Sprint3.Task0.V14.Lib", "Tyuiu.NovikovNS.Sprint3.Task0.V14.Lib\Tyuiu.NovikovNS.Sprint3.Task0.V14.Lib.csproj", "{DE28BC4B-134A-4EF2-88C9-0C924D51D654}"
EndProject
Project("{FAE04EC0-301F-11D3-BF4B-00C04F79EFBC}") = "Tyuiu.NovikovNS.Sprint3.Task0.V14.Test", "Tyuiu.NovikovNS.Sprint3.Task0.V14.Test\Tyuiu.NovikovNS.Sprint3.Task0.V14.Test.csproj", "{EBB7C270-1CB1-4825-9095-EF1D34F30787}"
EndProject
Project("{2150E333-8FDC-42A3-9474-1A3956D46DE8}") = "Task1", "Task1", "{D2DDE889-E453-4F14-AB39-0EA46986AF9C}"
EndProject
Project("{FAE04EC0-301F-11D3-BF4B-00C04F79EFBC}") = "Tyuiu.NovikovNS.Sprint3.Task1.V3", "Tyuiu.NovikovNS.Sprint3.Task1.V3\Tyuiu.NovikovNS.Sprint3.Task1.V3.csproj", "{60A76545-D891-4DB6-A18F-38D1C94AAA5B}"
EndProject
Project("{FAE04EC0-301F-11D3-BF4B-00C04F79EFBC}") = "Tyuiu.NovikovNS.Sprint3.Task1.V3.Lib", "Tyuiu.NovikovNS.Sprint3.Task1.V3.Lib\Tyuiu.NovikovNS.Sprint3.Task1.V3.Lib.csproj", "{2801F6F4-3DCE-42D8-AB4D-0DE782456220}"
EndProject
Project("{FAE04EC0-301F-11D3-BF4B-00C04F79EFBC}") = "Tyuiu.NovikovNS.Sprint3.Task1.V3.Test", "Tyuiu.NovikovNS.Sprint3.Task1.V3.Test\Tyuiu.NovikovNS.Sprint3.Task1.V3.Test.csproj", "{E3DF5798-0BF8-40FE-BA67-8B683BCA8876}"
EndProject
Project("{2150E333-8FDC-42A3-9474-1A3956D46DE8}") = "Task2", "Task2", "{01DF67E0-D76E-4C2D-A2D4-80798A5EF255}"
EndProject
Project("{FAE04EC0-301F-11D3-BF4B-00C04F79EFBC}") = "Tyuiu.NovikovNS.Sprint3.Task2.V19", "Tyuiu.NovikovNS.Sprint3.Task2.V19\Tyuiu.NovikovNS.Sprint3.Task2.V19.csproj", "{C593EA02-8D42-4F6A-AB97-7AE3359D0E89}"
EndProject
Project("{FAE04EC0-301F-11D3-BF4B-00C04F79EFBC}") = "Tyuiu.NovikovNS.Sprint3.Task2.V19.Lib", "Tyuiu.NovikovNS.Sprint3.Task2.V19.Lib\Tyuiu.NovikovNS.Sprint3.Task2.V19.Lib.csproj", "{6216B92A-8B03-442A-BA5A-0E859F93FDAB}"
EndProject
Project("{FAE04EC0-301F-11D3-BF4B-00C04F79EFBC}") = "Tyuiu.NovikovNS.Sprint3.Task2.V19.Test", "Tyuiu.NovikovNS.Sprint3.Task2.V19.Test\Tyuiu.NovikovNS.Sprint3.Task2.V19.Test.csproj", "{2118826B-5971-4243-8ED9-787FB40BA0A7}"
EndProject
Project("{2150E333-8FDC-42A3-9474-1A3956D46DE8}") = "Task3", "Task3", "{EB2E9CF6-96BD-4A68-9EE8-7E112A0308D8}"
EndProject
Project("{FAE04EC0-301F-11D3-BF4B-00C04F79EFBC}") = "Tyuiu.NovikovNS.Sprint3.Task3.V17", "Tyuiu.NovikovNS.Sprint3.Task3.V17\Tyuiu.NovikovNS.Sprint3.Task3.V17.csproj", "{2C78DCB3-DF29-4EF4-8B5E-05377467437B}"
EndProject
Project("{FAE04EC0-301F-11D3-BF4B-00C04F79EFBC}") = "Tyuiu.NovikovNS.Sprint3.Task3.V17.Lib", "Tyuiu.NovikovNS.Sprint3.Task3.V17.Lib\Tyuiu.NovikovNS.Sprint3.Task3.V17.Lib.csproj", "{0586CE65-2AAA-4DF7-AFBD-00E3E7C721CF}"
EndProject
Project("{FAE04EC0-301F-11D3-BF4B-00C04F79EFBC}") = "Tyuiu.NovikovNS.Sprint3.Task3.V17.Test", "Tyuiu.NovikovNS.Sprint3.Task3.V17.Test\Tyuiu.NovikovNS.Sprint3.Task3.V17.Test.csproj", "{39AE4AEE-CAAF-4315-B50E-4B8A649CBBF2}"
EndProject
Project("{2150E333-8FDC-42A3-9474-1A3956D46DE8}") = "Task4", "Task4", "{2D4CE47B-B57C-4D29-9180-401108A71D24}"
EndProject
Project("{FAE04EC0-301F-11D3-BF4B-00C04F79EFBC}") = "Tyuiu.NovikovNS.Sprint3.Task4.V27.Test", "Tyuiu.NovikovNS.Sprint3.Task4.V27.Test\Tyuiu.NovikovNS.Sprint3.Task4.V27.Test.csproj", "{61DCEC3A-07EE-4AF3-A9F4-0E008598FD73}"
EndProject
Project("{FAE04EC0-301F-11D3-BF4B-00C04F79EFBC}") = "Tyuiu.NovikovNS.Sprint3.Task4.V27.Lib", "Tyuiu.NovikovNS.Sprint3.Task4.V27.Lib\Tyuiu.NovikovNS.Sprint3.Task4.V27.Lib.csproj", "{43057192-5597-4A16-898E-F9C0161372BD}"
EndProject
Project("{FAE04EC0-301F-11D3-BF4B-00C04F79EFBC}") = "Tyuiu.NovikovNS.Sprint3.Task4.V27", "Tyuiu.NovikovNS.Sprint3.Task4.V27\Tyuiu.NovikovNS.Sprint3.Task4.V27.csproj", "{C92A4B14-F776-42CC-8C1A-771DA15ECE7A}"
EndProject
Project("{FAE04EC0-301F-11D3-BF4B-00C04F79EFBC}") = "Tyuiu.NovikovNS.Sprint3.Task5.V13", "Tyuiu.NovikovNS.Sprint3.Task5.V13\Tyuiu.NovikovNS.Sprint3.Task5.V13.csproj", "{2602E915-2B0C-4841-8DE2-3E3DBF55C66C}"
EndProject
Project("{2150E333-8FDC-42A3-9474-1A3956D46DE8}") = "Task5", "Task5", "{352A30F8-3943-45DD-AEEC-EF7FAC011C59}"
EndProject
Project("{FAE04EC0-301F-11D3-BF4B-00C04F79EFBC}") = "Tyuiu.NovikovNS.Sprint3.Task5.V13.Lib", "Tyuiu.NovikovNS.Sprint3.Task5.V13.Lib\Tyuiu.NovikovNS.Sprint3.Task5.V13.Lib.csproj", "{F0A10A0C-5082-4E04-B6FA-ADB76EEF38D1}"
EndProject
Project("{FAE04EC0-301F-11D3-BF4B-00C04F79EFBC}") = "Tyuiu.NovikovNS.Sprint3.Task5.V13.Test", "Tyuiu.NovikovNS.Sprint3.Task5.V13.Test\Tyuiu.NovikovNS.Sprint3.Task5.V13.Test.csproj", "{2160C985-DFE7-411F-8471-A2AD7367BC54}"
EndProject
Project("{2150E333-8FDC-42A3-9474-1A3956D46DE8}") = "Task6", "Task6", "{E89A95F9-353C-4B46-9ECF-22EFB1B56501}"
EndProject
Project("{FAE04EC0-301F-11D3-BF4B-00C04F79EFBC}") = "Tyuiu.NovikovNS.Sprint3.Task6.V26", "Tyuiu.NovikovNS.Sprint3.Task6.V26\Tyuiu.NovikovNS.Sprint3.Task6.V26.csproj", "{4DD7586E-00A4-4415-8E09-DE90340DFF63}"
EndProject
Project("{FAE04EC0-301F-11D3-BF4B-00C04F79EFBC}") = "Tyuiu.NovikovNS.Sprint3.Task6.V26.Lib", "Tyuiu.NovikovNS.Sprint3.Task6.V26.Lib\Tyuiu.NovikovNS.Sprint3.Task6.V26.Lib.csproj", "{5DFCED73-2A6C-468D-AD89-9F466F1AF485}"
EndProject
Project("{FAE04EC0-301F-11D3-BF4B-00C04F79EFBC}") = "Tyuiu.NovikovNS.Sprint3.Task6.V26.Test", "Tyuiu.NovikovNS.Sprint3.Task6.V26.Test\Tyuiu.NovikovNS.Sprint3.Task6.V26.Test.csproj", "{70D8F5BC-8D64-4EDF-9BF5-570C6FD138D5}"
EndProject
Project("{2150E333-8FDC-42A3-9474-1A3956D46DE8}") = "Task7", "Task7", "{79D5DD82-75B8-41D4-A7D9-EAB97F9DE783}"
EndProject
Project("{FAE04EC0-301F-11D3-BF4B-00C04F79EFBC}") = "Tyuiu.NovikovNS.Sprint3.Task7.V19", "Tyuiu.NovikovNS.Sprint3.Task7.V19\Tyuiu.NovikovNS.Sprint3.Task7.V19.csproj", "{CD79B1FC-661A-4BE9-A29C-BA6706689748}"
EndProject
Project("{FAE04EC0-301F-11D3-BF4B-00C04F79EFBC}") = "Tyuiu.NovikovNS.Sprint3.Task7.V19.Lib", "Tyuiu.NovikovNS.Sprint3.Task7.V19.Lib\Tyuiu.NovikovNS.Sprint3.Task7.V19.Lib.csproj", "{60CC244B-12A3-4786-BF5A-CF1D55A11635}"
EndProject
Project("{FAE04EC0-301F-11D3-BF4B-00C04F79EFBC}") = "Tyuiu.NovikovNS.Sprint3.Task7.V19.Test", "Tyuiu.NovikovNS.Sprint3.Task7.V19.Test\Tyuiu.NovikovNS.Sprint3.Task7.V19.Test.csproj", "{950BAB64-FF22-4B8F-AD73-1BBCAB3896B4}"
EndProject
Global
	GlobalSection(SolutionConfigurationPlatforms) = preSolution
		Debug|Any CPU = Debug|Any CPU
		Release|Any CPU = Release|Any CPU
	EndGlobalSection
	GlobalSection(ProjectConfigurationPlatforms) = postSolution
		{41378AA3-AFB7-49AB-BFA7-D0A94FFFF497}.Debug|Any CPU.ActiveCfg = Debug|Any CPU
		{41378AA3-AFB7-49AB-BFA7-D0A94FFFF497}.Debug|Any CPU.Build.0 = Debug|Any CPU
		{41378AA3-AFB7-49AB-BFA7-D0A94FFFF497}.Release|Any CPU.ActiveCfg = Release|Any CPU
		{41378AA3-AFB7-49AB-BFA7-D0A94FFFF497}.Release|Any CPU.Build.0 = Release|Any CPU
		{DE28BC4B-134A-4EF2-88C9-0C924D51D654}.Debug|Any CPU.ActiveCfg = Debug|Any CPU
		{DE28BC4B-134A-4EF2-88C9-0C924D51D654}.Debug|Any CPU.Build.0 = Debug|Any CPU
		{DE28BC4B-134A-4EF2-88C9-0C924D51D654}.Release|Any CPU.ActiveCfg = Release|Any CPU
		{DE28BC4B-134A-4EF2-88C9-0C924D51D654}.Release|Any CPU.Build.0 = Release|Any CPU
		{EBB7C270-1CB1-4825-9095-EF1D34F30787}.Debug|Any CPU.ActiveCfg = Debug|Any CPU
		{EBB7C270-1CB1-4825-9095-EF1D34F30787}.Debug|Any CPU.Build.0 = Debug|Any CPU
		{EBB7C270-1CB1-4825-9095-EF1D34F30787}.Release|Any CPU.ActiveCfg = Release|Any CPU
		{EBB7C270-1CB1-4825-9095-EF1D34F30787}.Release|Any CPU.Build.0 = Release|Any CPU
		{60A76545-D891-4DB6-A18F-38D1C94AAA5B}.Debug|Any CPU.ActiveCfg = Debug|Any CPU
		{60A76545-D891-4DB6-A18F-38D1C94AAA5B}.Debug|Any CPU.Build.0 = Debug|Any CPU
		{60A76545-D891-4DB6-A18F-38D1C94AAA5B}.Release|Any CPU.ActiveCfg = Release|Any CPU
		{60A76545-D891-4DB6-A18F-38D1C94AAA5B}.Release|Any CPU.Build.0 = Release|Any CPU
		{2801F6F4-3DCE-42D8-AB4D-0DE782456220}.Debug|Any CPU.ActiveCfg = Debug|Any CPU
		{2801F6F4-3DCE-42D8-AB4D-0DE782456220}.Debug|Any CPU.Build.0 = Debug|Any CPU
		{2801F6F4-3DCE-42D8-AB4D-0DE782456220}.Release|Any CPU.ActiveCfg = Release|Any CPU
		{2801F6F4-3DCE-42D8-AB4D-0DE782456220}.Release|Any CPU.Build.0 = Release|Any CPU
		{E3DF5798-0BF8-40FE-BA67-8B683BCA8876}.Debug|Any CPU.ActiveCfg = Debug|Any CPU
		{E3DF5798-0BF8-40FE-BA67-8B683BCA8876}.Debug|Any CPU.Build.0 = Debug|Any CPU
		{E3DF5798-0BF8-40FE-BA67-8B683BCA8876}.Release|Any CPU.ActiveCfg = Release|Any CPU
		{E3DF5798-0BF8-40FE-BA67-8B683BCA8876}.Release|Any CPU.Build.0 = Release|Any CPU
		{C593EA02-8D42-4F6A-AB97-7AE3359D0E89}.Debug|Any CPU.ActiveCfg = Debug|Any CPU
		{C593EA02-8D42-4F6A-AB97-7AE3359D0E89}.Debug|Any CPU.Build.0 = Debug|Any CPU
		{C593EA02-8D42-4F6A-AB97-7AE3359D0E89}.Release|Any CPU.ActiveCfg = Release|Any CPU
		{C593EA02-8D42-4F6A-AB97-7AE3359D0E89}.Release|Any CPU.Build.0 = Release|Any CPU
		{6216B92A-8B03-442A-BA5A-0E859F93FDAB}.Debug|Any CPU.ActiveCfg = Debug|Any CPU
		{6216B92A-8B03-442A-BA5A-0E859F93FDAB}.Debug|Any CPU.Build.0 = Debug|Any CPU
		{6216B92A-8B03-442A-BA5A-0E859F93FDAB}.Release|Any CPU.ActiveCfg = Release|Any CPU
		{6216B92A-8B03-442A-BA5A-0E859F93FDAB}.Release|Any CPU.Build.0 = Release|Any CPU
		{2118826B-5971-4243-8ED9-787FB40BA0A7}.Debug|Any CPU.ActiveCfg = Debug|Any CPU
		{2118826B-5971-4243-8ED9-787FB40BA0A7}.Debug|Any CPU.Build.0 = Debug|Any CPU
		{2118826B-5971-4243-8ED9-787FB40BA0A7}.Release|Any CPU.ActiveCfg = Release|Any CPU
		{2118826B-5971-4243-8ED9-787FB40BA0A7}.Release|Any CPU.Build.0 = Release|Any CPU
		{2C78DCB3-DF29-4EF4-8B5E-05377467437B}.Debug|Any CPU.ActiveCfg = Debug|Any CPU
		{2C78DCB3-DF29-4EF4-8B5E-05377467437B}.Debug|Any CPU.Build.0 = Debug|Any CPU
		{2C78DCB3-DF29-4EF4-8B5E-05377467437B}.Release|Any CPU.ActiveCfg = Release|Any CPU
		{2C78DCB3-DF29-4EF4-8B5E-05377467437B}.Release|Any CPU.Build.0 = Release|Any CPU
		{0586CE65-2AAA-4DF7-AFBD-00E3E7C721CF}.Debug|Any CPU.ActiveCfg = Debug|Any CPU
		{0586CE65-2AAA-4DF7-AFBD-00E3E7C721CF}.Debug|Any CPU.Build.0 = Debug|Any CPU
		{0586CE65-2AAA-4DF7-AFBD-00E3E7C721CF}.Release|Any CPU.ActiveCfg = Release|Any CPU
		{0586CE65-2AAA-4DF7-AFBD-00E3E7C721CF}.Release|Any CPU.Build.0 = Release|Any CPU
		{39AE4AEE-CAAF-4315-B50E-4B8A649CBBF2}.Debug|Any CPU.ActiveCfg = Debug|Any CPU
		{39AE4AEE-CAAF-4315-B50E-4B8A649CBBF2}.Debug|Any CPU.Build.0 = Debug|Any CPU
		{39AE4AEE-CAAF-4315-B50E-4B8A649CBBF2}.Release|Any CPU.ActiveCfg = Release|Any CPU
		{39AE4AEE-CAAF-4315-B50E-4B8A649CBBF2}.Release|Any CPU.Build.0 = Release|Any CPU
		{61DCEC3A-07EE-4AF3-A9F4-0E008598FD73}.Debug|Any CPU.ActiveCfg = Debug|Any CPU
		{61DCEC3A-07EE-4AF3-A9F4-0E008598FD73}.Debug|Any CPU.Build.0 = Debug|Any CPU
		{61DCEC3A-07EE-4AF3-A9F4-0E008598FD73}.Release|Any CPU.ActiveCfg = Release|Any CPU
		{61DCEC3A-07EE-4AF3-A9F4-0E008598FD73}.Release|Any CPU.Build.0 = Release|Any CPU
		{43057192-5597-4A16-898E-F9C0161372BD}.Debug|Any CPU.ActiveCfg = Debug|Any CPU
		{43057192-5597-4A16-898E-F9C0161372BD}.Debug|Any CPU.Build.0 = Debug|Any CPU
		{43057192-5597-4A16-898E-F9C0161372BD}.Release|Any CPU.ActiveCfg = Release|Any CPU
		{43057192-5597-4A16-898E-F9C0161372BD}.Release|Any CPU.Build.0 = Release|Any CPU
		{C92A4B14-F776-42CC-8C1A-771DA15ECE7A}.Debug|Any CPU.ActiveCfg = Debug|Any CPU
		{C92A4B14-F776-42CC-8C1A-771DA15ECE7A}.Debug|Any CPU.Build.0 = Debug|Any CPU
		{C92A4B14-F776-42CC-8C1A-771DA15ECE7A}.Release|Any CPU.ActiveCfg = Release|Any CPU
		{C92A4B14-F776-42CC-8C1A-771DA15ECE7A}.Release|Any CPU.Build.0 = Release|Any CPU
		{2602E915-2B0C-4841-8DE2-3E3DBF55C66C}.Debug|Any CPU.ActiveCfg = Debug|Any CPU
		{2602E915-2B0C-4841-8DE2-3E3DBF55C66C}.Debug|Any CPU.Build.0 = Debug|Any CPU
		{2602E915-2B0C-4841-8DE2-3E3DBF55C66C}.Release|Any CPU.ActiveCfg = Release|Any CPU
		{2602E915-2B0C-4841-8DE2-3E3DBF55C66C}.Release|Any CPU.Build.0 = Release|Any CPU
		{F0A10A0C-5082-4E04-B6FA-ADB76EEF38D1}.Debug|Any CPU.ActiveCfg = Debug|Any CPU
		{F0A10A0C-5082-4E04-B6FA-ADB76EEF38D1}.Debug|Any CPU.Build.0 = Debug|Any CPU
		{F0A10A0C-5082-4E04-B6FA-ADB76EEF38D1}.Release|Any CPU.ActiveCfg = Release|Any CPU
		{F0A10A0C-5082-4E04-B6FA-ADB76EEF38D1}.Release|Any CPU.Build.0 = Release|Any CPU
		{2160C985-DFE7-411F-8471-A2AD7367BC54}.Debug|Any CPU.ActiveCfg = Debug|Any CPU
		{2160C985-DFE7-411F-8471-A2AD7367BC54}.Debug|Any CPU.Build.0 = Debug|Any CPU
		{2160C985-DFE7-411F-8471-A2AD7367BC54}.Release|Any CPU.ActiveCfg = Release|Any CPU
		{2160C985-DFE7-411F-8471-A2AD7367BC54}.Release|Any CPU.Build.0 = Release|Any CPU
		{4DD7586E-00A4-4415-8E09-DE90340DFF63}.Debug|Any CPU.ActiveCfg = Debug|Any CPU
		{4DD7586E-00A4-4415-8E09-DE90340DFF63}.Debug|Any CPU.Build.0 = Debug|Any CPU
		{4DD7586E-00A4-4415-8E09-DE90340DFF63}.Release|Any CPU.ActiveCfg = Release|Any CPU
		{4DD7586E-00A4-4415-8E09-DE90340DFF63}.Release|Any CPU.Build.0 = Release|Any CPU
		{5DFCED73-2A6C-468D-AD89-9F466F1AF485}.Debug|Any CPU.ActiveCfg = Debug|Any CPU
		{5DFCED73-2A6C-468D-AD89-9F466F1AF485}.Debug|Any CPU.Build.0 = Debug|Any CPU
		{5DFCED73-2A6C-468D-AD89-9F466F1AF485}.Release|Any CPU.ActiveCfg = Release|Any CPU
		{5DFCED73-2A6C-468D-AD89-9F466F1AF485}.Release|Any CPU.Build.0 = Release|Any CPU
		{70D8F5BC-8D64-4EDF-9BF5-570C6FD138D5}.Debug|Any CPU.ActiveCfg = Debug|Any CPU
		{70D8F5BC-8D64-4EDF-9BF5-570C6FD138D5}.Debug|Any CPU.Build.0 = Debug|Any CPU
		{70D8F5BC-8D64-4EDF-9BF5-570C6FD138D5}.Release|Any CPU.ActiveCfg = Release|Any CPU
		{70D8F5BC-8D64-4EDF-9BF5-570C6FD138D5}.Release|Any CPU.Build.0 = Release|Any CPU
		{CD79B1FC-661A-4BE9-A29C-BA6706689748}.Debug|Any CPU.ActiveCfg = Debug|Any CPU
		{CD79B1FC-661A-4BE9-A29C-BA6706689748}.Debug|Any CPU.Build.0 = Debug|Any CPU
		{CD79B1FC-661A-4BE9-A29C-BA6706689748}.Release|Any CPU.ActiveCfg = Release|Any CPU
		{CD79B1FC-661A-4BE9-A29C-BA6706689748}.Release|Any CPU.Build.0 = Release|Any CPU
		{60CC244B-12A3-4786-BF5A-CF1D55A11635}.Debug|Any CPU.ActiveCfg = Debug|Any CPU
		{60CC244B-12A3-4786-BF5A-CF1D55A11635}.Debug|Any CPU.Build.0 = Debug|Any CPU
		{60CC244B-12A3-4786-BF5A-CF1D55A11635}.Release|Any CPU.ActiveCfg = Release|Any CPU
		{60CC244B-12A3-4786-BF5A-CF1D55A11635}.Release|Any CPU.Build.0 = Release|Any CPU
		{950BAB64-FF22-4B8F-AD73-1BBCAB3896B4}.Debug|Any CPU.ActiveCfg = Debug|Any CPU
		{950BAB64-FF22-4B8F-AD73-1BBCAB3896B4}.Debug|Any CPU.Build.0 = Debug|Any CPU
		{950BAB64-FF22-4B8F-AD73-1BBCAB3896B4}.Release|Any CPU.ActiveCfg = Release|Any CPU
		{950BAB64-FF22-4B8F-AD73-1BBCAB3896B4}.Release|Any CPU.Build.0 = Release|Any CPU
	EndGlobalSection
	GlobalSection(SolutionProperties) = preSolution
		HideSolutionNode = FALSE
	EndGlobalSection
	GlobalSection(NestedProjects) = preSolution
		{41378AA3-AFB7-49AB-BFA7-D0A94FFFF497} = {E9766A9B-C078-4AB0-AA91-424BBC5D6AD8}
		{DE28BC4B-134A-4EF2-88C9-0C924D51D654} = {E9766A9B-C078-4AB0-AA91-424BBC5D6AD8}
		{EBB7C270-1CB1-4825-9095-EF1D34F30787} = {E9766A9B-C078-4AB0-AA91-424BBC5D6AD8}
		{60A76545-D891-4DB6-A18F-38D1C94AAA5B} = {D2DDE889-E453-4F14-AB39-0EA46986AF9C}
		{2801F6F4-3DCE-42D8-AB4D-0DE782456220} = {D2DDE889-E453-4F14-AB39-0EA46986AF9C}
		{E3DF5798-0BF8-40FE-BA67-8B683BCA8876} = {D2DDE889-E453-4F14-AB39-0EA46986AF9C}
		{C593EA02-8D42-4F6A-AB97-7AE3359D0E89} = {01DF67E0-D76E-4C2D-A2D4-80798A5EF255}
		{6216B92A-8B03-442A-BA5A-0E859F93FDAB} = {01DF67E0-D76E-4C2D-A2D4-80798A5EF255}
		{2118826B-5971-4243-8ED9-787FB40BA0A7} = {01DF67E0-D76E-4C2D-A2D4-80798A5EF255}
		{2C78DCB3-DF29-4EF4-8B5E-05377467437B} = {EB2E9CF6-96BD-4A68-9EE8-7E112A0308D8}
		{0586CE65-2AAA-4DF7-AFBD-00E3E7C721CF} = {EB2E9CF6-96BD-4A68-9EE8-7E112A0308D8}
		{39AE4AEE-CAAF-4315-B50E-4B8A649CBBF2} = {EB2E9CF6-96BD-4A68-9EE8-7E112A0308D8}
		{61DCEC3A-07EE-4AF3-A9F4-0E008598FD73} = {2D4CE47B-B57C-4D29-9180-401108A71D24}
		{43057192-5597-4A16-898E-F9C0161372BD} = {2D4CE47B-B57C-4D29-9180-401108A71D24}
		{C92A4B14-F776-42CC-8C1A-771DA15ECE7A} = {2D4CE47B-B57C-4D29-9180-401108A71D24}
		{2602E915-2B0C-4841-8DE2-3E3DBF55C66C} = {352A30F8-3943-45DD-AEEC-EF7FAC011C59}
		{F0A10A0C-5082-4E04-B6FA-ADB76EEF38D1} = {352A30F8-3943-45DD-AEEC-EF7FAC011C59}
		{2160C985-DFE7-411F-8471-A2AD7367BC54} = {352A30F8-3943-45DD-AEEC-EF7FAC011C59}
		{4DD7586E-00A4-4415-8E09-DE90340DFF63} = {E89A95F9-353C-4B46-9ECF-22EFB1B56501}
		{5DFCED73-2A6C-468D-AD89-9F466F1AF485} = {E89A95F9-353C-4B46-9ECF-22EFB1B56501}
		{70D8F5BC-8D64-4EDF-9BF5-570C6FD138D5} = {E89A95F9-353C-4B46-9ECF-22EFB1B56501}
		{CD79B1FC-661A-4BE9-A29C-BA6706689748} = {79D5DD82-75B8-41D4-A7D9-EAB97F9DE783}
		{60CC244B-12A3-4786-BF5A-CF1D55A11635} = {79D5DD82-75B8-41D4-A7D9-EAB97F9DE783}
		{950BAB64-FF22-4B8F-AD73-1BBCAB3896B4} = {79D5DD82-75B8-41D4-A7D9-EAB97F9DE783}
	EndGlobalSection
	GlobalSection(ExtensibilityGlobals) = postSolution
		SolutionGuid = {5074D559-A15D-465D-9513-BFD322DFA9BD}
	EndGlobalSection
EndGlobal
